
Microsoft Visual Studio Solution File, Format Version 12.00
# Visual Studio Version 16
VisualStudioVersion = 16.0.29324.140
MinimumVisualStudioVersion = 10.0.40219.1
Project("{2150E333-8FDC-42A3-9474-1A3956D46DE8}") = "00.SY(시스템)", "00.SY(시스템)", "{26FFC097-CEA4-40AC-8A4B-7430CE614AEE}"
EndProject
Project("{2150E333-8FDC-42A3-9474-1A3956D46DE8}") = "01.CO(공통)", "01.CO(공통)", "{E8CCEA4E-7561-4B1A-8936-B67289D7CAD2}"
EndProject
Project("{2150E333-8FDC-42A3-9474-1A3956D46DE8}") = "02.BA(기준정보)", "02.BA(기준정보)", "{FBCF8378-861A-46F3-A791-7019CE38C6F4}"
EndProject
Project("{FAE04EC0-301F-11D3-BF4B-00C04F79EFBC}") = "BA.BAA001", "01.BA(기준정보관리)\BA(개발자메뉴)\BA.BAA001(메뉴정보등록)\BA.BAA001.csproj", "{CA634426-BC8F-433F-904F-4C685A8E2A01}"
EndProject
Project("{FAE04EC0-301F-11D3-BF4B-00C04F79EFBC}") = "E2MAXMenu", "00.SY(시스템관리)\E2MaxMenu\E2MAXMenu.csproj", "{B0808ABE-66D8-4091-AC4E-2A0F0221C107}"
EndProject
Project("{FAE04EC0-301F-11D3-BF4B-00C04F79EFBC}") = "SystemBase", "00.SY(시스템관리)\SystemBase\SystemBase.csproj", "{45841E94-E806-4573-A93B-26D50A07EA9C}"
EndProject
Project("{FAE04EC0-301F-11D3-BF4B-00C04F79EFBC}") = "WNDW", "00.SY(시스템관리)\WNDW\WNDW.csproj", "{C9088CA0-829D-4845-80C7-CCC057823B75}"
	ProjectSection(ProjectDependencies) = postProject
		{4EFC693F-1889-404A-B163-DF462EEE98C9} = {4EFC693F-1889-404A-B163-DF462EEE98C9}
		{45841E94-E806-4573-A93B-26D50A07EA9C} = {45841E94-E806-4573-A93B-26D50A07EA9C}
	EndProjectSection
EndProject
Project("{FAE04EC0-301F-11D3-BF4B-00C04F79EFBC}") = "EDocument", "00.SY(시스템관리)\EDocument\EDocument.csproj", "{65634ED7-0FEA-49FD-A4A1-9F9673D8E5F9}"
EndProject
Project("{FAE04EC0-301F-11D3-BF4B-00C04F79EFBC}") = "UIForm", "00.SY(시스템관리)\UIForm\UIForm.csproj", "{4EFC693F-1889-404A-B163-DF462EEE98C9}"
EndProject
Project("{2150E333-8FDC-42A3-9474-1A3956D46DE8}") = "04.PR(생산관리)", "04.PR(생산관리)", "{B4409AF8-81A3-4CBE-85EB-1563BF2C7850}"
EndProject
Project("{2150E333-8FDC-42A3-9474-1A3956D46DE8}") = "PC(제조오더관리)", "PC(제조오더관리)", "{9CB23094-252D-488E-BB44-75D50C4777D6}"
EndProject
Project("{FAE04EC0-301F-11D3-BF4B-00C04F79EFBC}") = "PC.PCC009", "04.PR(생산관리)\PC(제조오더관리)\PC.PCC009(외주공정의뢰등록(출력))\PC.PCC009.csproj", "{81F98BF6-861D-4035-82AE-F2AE05FACD8A}"
EndProject
Project("{2150E333-8FDC-42A3-9474-1A3956D46DE8}") = "05.MA(구매관리)", "05.MA(구매관리)", "{C01D4356-F57A-4BC9-88F7-96CF895293DB}"
EndProject
Project("{2150E333-8FDC-42A3-9474-1A3956D46DE8}") = "MO(외주관리)", "MO(외주관리)", "{A30E7DD0-230B-4D24-BF38-3786DD26E5DB}"
EndProject
Project("{FAE04EC0-301F-11D3-BF4B-00C04F79EFBC}") = "MO.MIM519", "05.MA(구매관리)\MO(외주관리)\MO.MIM519(외주공정발주등록)\MO.MIM519.csproj", "{503642E6-6BAE-443C-B519-0084108AE5A5}"
EndProject
Project("{2150E333-8FDC-42A3-9474-1A3956D46DE8}") = "99.SC(협력사품질보증)", "99.SC(협력사품질보증)", "{52F44804-754D-447E-864C-158A65CED736}"
EndProject
Project("{FAE04EC0-301F-11D3-BF4B-00C04F79EFBC}") = "SC.QA001", "99.SC(협력사품질보증)\SC.QA001\SC.QA001.csproj", "{B9530D49-D16F-4825-9AF8-C21A10F61AB8}"
EndProject
Project("{2150E333-8FDC-42A3-9474-1A3956D46DE8}") = "BB(기준정보관리)", "BB(기준정보관리)", "{72FBECDF-A825-4C0B-A736-666798A9462A}"
EndProject
Project("{2150E333-8FDC-42A3-9474-1A3956D46DE8}") = "BA(개발자메뉴)", "BA(개발자메뉴)", "{F614A109-1198-4599-8A9D-DD1E995ECE39}"
EndProject
Project("{FAE04EC0-301F-11D3-BF4B-00C04F79EFBC}") = "BB.BZG001", "01.BA(기준정보관리)\BB(기준정보관리)\BB.BZG001(공지사항)\BB.BZG001.csproj", "{5973D094-431A-481E-B4E6-6023D5515C6B}"
EndProject
Project("{2150E333-8FDC-42A3-9474-1A3956D46DE8}") = "16.TD(추적관리)", "16.TD(추적관리)", "{B6C5D3D2-699F-40CF-B450-97235C0B6215}"
EndProject
Project("{FAE04EC0-301F-11D3-BF4B-00C04F79EFBC}") = "TD.TDQ003", "16.TD(추적관리)\TD.TDQ003(공정증빙등록)\TD.TDQ003.csproj", "{E319D55C-1046-40F3-8F0E-14DAA5BA19FE}"
EndProject
Project("{2150E333-8FDC-42A3-9474-1A3956D46DE8}") = "MI(구매입고관리)", "MI(구매입고관리)", "{5C82692D-5862-4E7A-B2D3-B81B3130CAEF}"
EndProject
Project("{FAE04EC0-301F-11D3-BF4B-00C04F79EFBC}") = "MI.MIM001", "05.MA(구매관리)\MI(구매입고관리)\MI.MIM001(구매입고등록)\MI.MIM001.csproj", "{4B828F9E-F8BE-4498-B536-EEBDDF1D9C38}"
EndProject
Project("{2150E333-8FDC-42A3-9474-1A3956D46DE8}") = "07.QA(품질관리)", "07.QA(품질관리)", "{8716B4F7-06C9-4EAF-A518-DB64A2012307}"
EndProject
Project("{2150E333-8FDC-42A3-9474-1A3956D46DE8}") = "QR(수입검사)", "QR(수입검사)", "{98E01BA7-D3D2-4304-8DAF-C4DD521E25FD}"
EndProject
Project("{FAE04EC0-301F-11D3-BF4B-00C04F79EFBC}") = "QR.QRA011", "07.QA(품질관리)\QR(수입검사)\QR.QRA011(검사판정(수입))\QR.QRA011.csproj", "{999346D9-6722-44DF-AD33-75231C4974BB}"
EndProject
Project("{FAE04EC0-301F-11D3-BF4B-00C04F79EFBC}") = "SC.QA003", "99.SC(협력사품질보증)\SC.QA003\SC.QA003.csproj", "{6461ADD7-BFB1-4C4D-8BA0-BA780A1FCDDB}"
EndProject
Project("{FAE04EC0-301F-11D3-BF4B-00C04F79EFBC}") = "BB.BBA001", "01.BA(기준정보관리)\BB(기준정보관리)\BB.BBA001(공통코드등록)\BB.BBA001.csproj", "{69BB2F63-C5B9-4438-8BF3-6AE73D74C728}"
EndProject
Project("{FAE04EC0-301F-11D3-BF4B-00C04F79EFBC}") = "BA.BAA004", "01.BA(기준정보관리)\BA(개발자메뉴)\BA.BAA004(그리드디자인등록)\BA.BAA004.csproj", "{7A50A9AF-4EE4-4589-A75C-B2AC5BAB0466}"
EndProject
Project("{FAE04EC0-301F-11D3-BF4B-00C04F79EFBC}") = "SC.QA002", "99.SC(협력사품질보증)\SC.QA002\SC.QA002.csproj", "{D7847F94-A2DA-4AFF-B033-7ABD939C00D5}"
EndProject
Project("{2150E333-8FDC-42A3-9474-1A3956D46DE8}") = "QM(SIMPLE)", "QM(SIMPLE)", "{B26F5498-C273-4A95-A37E-16BF800B696E}"
EndProject
Project("{FAE04EC0-301F-11D3-BF4B-00C04F79EFBC}") = "QM.QMA001", "07.QA(품질관리)\QM(SIMPLE)\QM.QMA001(검사결과등록)\QM.QMA001.csproj", "{41317032-7E5B-422B-95A5-F1745B21AD82}"
EndProject
Project("{2150E333-8FDC-42A3-9474-1A3956D46DE8}") = "MP(발주관리)", "MP(발주관리)", "{D7DEB7D2-3EF8-489E-8672-91E09E65329E}"
EndProject
Project("{FAE04EC0-301F-11D3-BF4B-00C04F79EFBC}") = "MP.MPO501", "05.MA(구매관리)\MP(발주관리)\MP.MPO501(발주상세조회)\MP.MPO501.csproj", "{6015DCAD-609B-4358-9B39-C5EA09A92F56}"
EndProject
Project("{FAE04EC0-301F-11D3-BF4B-00C04F79EFBC}") = "MP.MPO101", "05.MA(구매관리)\MP(발주관리)\MP.MPO101(발주등록)\MP.MPO101.csproj", "{5BA08E3F-11D1-4068-AD85-C04AF35B9559}"
EndProject
Project("{FAE04EC0-301F-11D3-BF4B-00C04F79EFBC}") = "SC.QA004", "99.SC(협력사품질보증)\SC.QA004\SC.QA004.csproj", "{19F931F7-06DD-4233-98C5-6E255ECD82CA}"
EndProject
Project("{2150E333-8FDC-42A3-9474-1A3956D46DE8}") = "10.XF(재무관리)", "10.XF(재무관리)", "{3B2B98E2-2013-49BF-8345-3E63B54CCACD}"
EndProject
Project("{2150E333-8FDC-42A3-9474-1A3956D46DE8}") = "XS(전자세금계산서)", "XS(전자세금계산서)", "{454C2DA7-1626-444A-865C-6685DF1F5D47}"
EndProject
Project("{FAE04EC0-301F-11D3-BF4B-00C04F79EFBC}") = "XS.XSB001", "10.XF(재무관리)\XS(전자세금계산서)\XS.XSB001(전자세금계산서등록)\XS.XSB001.csproj", "{3F7CF5E9-3B25-4B51-BC13-AEC2809041E1}"
EndProject
Project("{FAE04EC0-301F-11D3-BF4B-00C04F79EFBC}") = "SC.QA005", "99.SC(협력사품질보증)\SC.QA005\SC.QA005.csproj", "{9CC71C7D-664E-4001-A3EB-FB313FDC0428}"
EndProject
Project("{2150E333-8FDC-42A3-9474-1A3956D46DE8}") = "03.SO(영업관리)", "03.SO(영업관리)", "{B46DF814-51C6-497D-9F58-21D361E2BE6D}"
EndProject
Project("{2150E333-8FDC-42A3-9474-1A3956D46DE8}") = "SO(수주관리)", "SO(수주관리)", "{24DBEAC4-D5E2-44AC-AE89-F9DF934D6653}"
EndProject
Project("{FAE04EC0-301F-11D3-BF4B-00C04F79EFBC}") = "SO.SOA002", "03.SO(영업관리)\SO(수주관리)\SO.SOA002(수주등록)\SO.SOA002.csproj", "{3E6F981D-84E5-4C16-A874-3E96EB076A6C}"
EndProject
Project("{2150E333-8FDC-42A3-9474-1A3956D46DE8}") = "11.HU(인사급여관리)", "11.HU(인사급여관리)", "{00B3540B-9DB9-4A08-8245-EE3DA9A170A4}"
EndProject
Project("{FAE04EC0-301F-11D3-BF4B-00C04F79EFBC}") = "HA.HAA012", "11.HU(인사급여관리)\HA(근태관리)\HA.HAA012(일근태확정-INF)\HA.HAA012.csproj", "{CF00B7CF-F75E-4C20-B056-5A6AE16AC8DB}"
EndProject
Project("{FAE04EC0-301F-11D3-BF4B-00C04F79EFBC}") = "SC.QA000", "99.SC(협력사품질보증)\SC.QA000\SC.QA000.csproj", "{D340B49C-909A-4D71-86D4-F926795B1B8B}"
EndProject
Project("{FAE04EC0-301F-11D3-BF4B-00C04F79EFBC}") = "QM.QMA002", "07.QA(품질관리)\QM(SIMPLE)\QM.QMA002(검사결과등록(소모품))\QM.QMA002.csproj", "{29A4069D-69A8-484C-ADBB-1D1BCBCB075B}"
EndProject
Project("{FAE04EC0-301F-11D3-BF4B-00C04F79EFBC}") = "MP.MPO506", "05.MA(구매관리)\MP(발주관리)\MP.MPO506(발주서출력)\MP.MPO506.csproj", "{26DDBD53-485D-443E-AC98-C4BAC782C2B0}"
EndProject
Project("{2150E333-8FDC-42A3-9474-1A3956D46DE8}") = "BD(조직정보)", "BD(조직정보)", "{FD65865A-2251-4FAD-9BF5-EC2CC62C9219}"
EndProject
Project("{FAE04EC0-301F-11D3-BF4B-00C04F79EFBC}") = "BD.BBD009", "01.BA(기준정보관리)\BD(조직정보)\BD.BBD009(코스트센터등록)\BD.BBD009.csproj", "{7B07569E-0F73-49F4-AFB1-CFF693D4A525}"
EndProject
Project("{FAE04EC0-301F-11D3-BF4B-00C04F79EFBC}") = "MP.MPO504", "05.MA(구매관리)\MP(발주관리)\MP.MPO504(발주번호별진행조회)\MP.MPO504.csproj", "{12E6B460-F60E-4A4C-BF8C-0408BB727A4B}"
EndProject
Project("{FAE04EC0-301F-11D3-BF4B-00C04F79EFBC}") = "SC.QA006", "99.SC(협력사품질보증)\SC.QA006\SC.QA006.csproj", "{9390E83C-950D-4E59-9615-3558127797F2}"
EndProject
Project("{FAE04EC0-301F-11D3-BF4B-00C04F79EFBC}") = "SC.QA007", "99.SC(협력사품질보증)\SC.QA007\SC.QA007.csproj", "{BA8E88E6-D070-4FEF-A45F-5D7BDC2655B6}"
EndProject
Project("{FAE04EC0-301F-11D3-BF4B-00C04F79EFBC}") = "SC.QA008", "99.SC(협력사품질보증)\SC.QA008\SC.QA008.csproj", "{BA8E2767-17EA-443A-BFC9-845C32C1E2AE}"
EndProject
Project("{FAE04EC0-301F-11D3-BF4B-00C04F79EFBC}") = "SC.QA009", "99.SC(협력사품질보증)\SC.QA009\SC.QA009.csproj", "{78580AE4-95D0-482A-8967-BDC1146C537C}"
EndProject
Project("{2150E333-8FDC-42A3-9474-1A3956D46DE8}") = "BC(결재정보)", "BC(결재정보)", "{DDAEB793-496A-4FA4-94BA-841979E32ABB}"
EndProject
Project("{FAE04EC0-301F-11D3-BF4B-00C04F79EFBC}") = "BC.BBB007", "01.BA(기준정보관리)\BC(결재정보)\BC.BBB007(결재경로등록)\BC.BBB007.csproj", "{89F193E3-6A06-4CE2-AA44-38F262D67C26}"
EndProject
Project("{FAE04EC0-301F-11D3-BF4B-00C04F79EFBC}") = "MO.MIM518", "05.MA(구매관리)\MO(외주관리)\MO.MIM518(외주공정실적등록(취소))\MO.MIM518.csproj", "{87346C83-9434-4A4C-9D3D-450E2A50D237}"
EndProject
Project("{FAE04EC0-301F-11D3-BF4B-00C04F79EFBC}") = "MI.MIM506", "05.MA(구매관리)\MI(구매입고관리)\MI.MIM506(거래명세서출력)\MI.MIM506.csproj", "{A9D014C3-F0F2-42E7-9A1E-808221CF76BD}"
EndProject
Project("{2150E333-8FDC-42A3-9474-1A3956D46DE8}") = "12.AC(회계관리)", "12.AC(회계관리)", "{A472C81B-5E85-4201-B5B0-AF7031A43E2C}"
EndProject
Project("{2150E333-8FDC-42A3-9474-1A3956D46DE8}") = "AD(전표관리)", "AD(전표관리)", "{C1D42B9E-6996-4B35-8602-A69307D1C4D9}"
EndProject
Project("{FAE04EC0-301F-11D3-BF4B-00C04F79EFBC}") = "AD.ACD001", "12.AC(회계관리)\AD(전표관리)\AD.ACD001(결의전표등록)\AD.ACD001.csproj", "{E91886A5-93F4-4D4E-8EDC-9D1CC2A35887}"
EndProject
Project("{2150E333-8FDC-42A3-9474-1A3956D46DE8}") = "QTC(추적관리)", "QTC(추적관리)", "{AA6A1B4D-4F97-43BE-9881-12BDCD99EA34}"
EndProject
Project("{FAE04EC0-301F-11D3-BF4B-00C04F79EFBC}") = "QT.QTC004", "07.QA(품질관리)\QTC(추적관리)\QT.QTC004(하위품관리방안조회)\QT.QTC004.csproj", "{805247D8-C19A-41BA-BC7C-83EC3AD38F97}"
EndProject
Project("{2150E333-8FDC-42A3-9474-1A3956D46DE8}") = "PA(생산기준정보)", "PA(생산기준정보)", "{800D8990-F755-4349-B754-219C2965CB25}"
EndProject
Project("{FAE04EC0-301F-11D3-BF4B-00C04F79EFBC}") = "PA.PBA111", "04.PR(생산관리)\PA(생산기준정보)\PA.PBA111(라우팅정보등록)\PA.PBA111.csproj", "{C545AAB0-2ADD-4A50-8E8D-03DD472E374E}"
EndProject
Project("{FAE04EC0-301F-11D3-BF4B-00C04F79EFBC}") = "PC.PCC006", "04.PR(생산관리)\PC(제조오더관리)\PC.PCC006(작업지시서출력)\PC.PCC006.csproj", "{D47902AD-13FE-4DB4-A118-398087637D7E}"
EndProject
Project("{2150E333-8FDC-42A3-9474-1A3956D46DE8}") = "09.EI(EIS관리)", "09.EI(EIS관리)", "{CA655836-08A2-4706-8353-FC841D96497A}"
EndProject
Project("{2150E333-8FDC-42A3-9474-1A3956D46DE8}") = "EI(현황관리)", "EI(현황관리)", "{9734777B-4216-4D9A-85A6-DE5AA2B34FFC}"
EndProject
Project("{2150E333-8FDC-42A3-9474-1A3956D46DE8}") = "EISB(지연현황)", "EISB(지연현황)", "{EEA675EE-C19A-4608-A4B0-DA73406DCD66}"
EndProject
Project("{FAE04EC0-301F-11D3-BF4B-00C04F79EFBC}") = "EI.PBC107", "09.EI(EIS관리)\EI(현황관리)\EI.PBC107(생상부하현황(일자별))\EI.PBC107.csproj", "{7090AF3D-8973-4456-A4B1-1C0282F60538}"
EndProject
Project("{2150E333-8FDC-42A3-9474-1A3956D46DE8}") = "02.BI(품목관리)", "02.BI(품목관리)", "{2ED7D33C-8856-45CF-A8D4-44658691598B}"
EndProject
Project("{2150E333-8FDC-42A3-9474-1A3956D46DE8}") = "BI(품목정보)", "BI(품목정보)", "{5A05DA7D-6061-4F0B-9A90-62D4AAF1130E}"
EndProject
Project("{FAE04EC0-301F-11D3-BF4B-00C04F79EFBC}") = "BI.BBI006", "02.BI(품목관리)\BI(품목정보)\BI.BBI006(공장별품목정보등록(멀티))\BI.BBI006.csproj", "{F359628D-352E-43E4-B87E-8B8202F1E0B8}"
EndProject
Project("{FAE04EC0-301F-11D3-BF4B-00C04F79EFBC}") = "TD.TDA001", "16.TD(추적관리)\TD.TDA001(문서코드등록)\TD.TDA001.csproj", "{1AC49E7B-4ED8-4C58-B3AF-B3EE6C44A320}"
EndProject
Project("{FAE04EC0-301F-11D3-BF4B-00C04F79EFBC}") = "SC.QA010", "99.SC(협력사품질보증)\SCM.QA010\SC.QA010.csproj", "{FDD29A45-7C8F-4B64-8835-29096DEA5EFF}"
EndProject
Project("{FAE04EC0-301F-11D3-BF4B-00C04F79EFBC}") = "BI.BBI001", "02.BI(품목관리)\BI(품목정보)\BI.BBI001(품목정보등록)\BI.BBI001.csproj", "{159A7E2B-B7F8-49D8-8459-987D1CCDA6A3}"
EndProject
Project("{FAE04EC0-301F-11D3-BF4B-00C04F79EFBC}") = "EI.EISB01", "09.EI(EIS관리)\EISB(지연현황)\EI.EISB01(자재부족현황)\EI.EISB01.csproj", "{9020EEE5-7F2C-4829-8ECA-C0DF1B39933A}"
EndProject
Project("{FAE04EC0-301F-11D3-BF4B-00C04F79EFBC}") = "EI.PBC109", "09.EI(EIS관리)\EI(현황관리)\EI.PBC109(생산부하현황(작업장))\EI.PBC109.csproj", "{E531A7D9-E680-47E3-BCD9-EC5839E1891A}"
EndProject
Project("{FAE04EC0-301F-11D3-BF4B-00C04F79EFBC}") = "EI.PBC111", "09.EI(EIS관리)\EI(현황관리)\EI.PBC111(생산부하상세조회)\EI.PBC111.csproj", "{591B3FB2-915F-4974-81F3-6724CE5A2801}"
EndProject
Project("{FAE04EC0-301F-11D3-BF4B-00C04F79EFBC}") = "EI.EIS900", "09.EI(EIS관리)\EI(현황관리)\EI.EIS900(KPI 운영 실적 요약 현황)\EI.EIS900.csproj", "{65B82D70-033F-4F2F-9B5C-595B0DB2382F}"
EndProject
Project("{FAE04EC0-301F-11D3-BF4B-00C04F79EFBC}") = "EI.EISB07", "09.EI(EIS관리)\EISB(지연현황)\EI.EISB07(검사미결현황)\EI.EISB07.csproj", "{72623A10-23C9-4B4D-9F71-F2C7FE2BC13C}"
EndProject
Project("{FAE04EC0-301F-11D3-BF4B-00C04F79EFBC}") = "EI.EISB08", "09.EI(EIS관리)\EISB(지연현황)\EI.EISB08(증빙자료미결현황)\EI.EISB08.csproj", "{D0304DF9-D5CD-413F-9AB3-6B71C9EC9131}"
EndProject
Project("{FAE04EC0-301F-11D3-BF4B-00C04F79EFBC}") = "EI.EISB09", "09.EI(EIS관리)\EISB(지연현황)\EI.EISB09(수주진행별조회)\EI.EISB09.csproj", "{9973D0E5-FBE4-45FA-BC20-538D4C83A72B}"
EndProject
Project("{2150E333-8FDC-42A3-9474-1A3956D46DE8}") = "MR(구매요청관리)", "MR(구매요청관리)", "{EF2417A3-A63F-4FF8-80B1-D75ED863C5D4}"
EndProject
Project("{FAE04EC0-301F-11D3-BF4B-00C04F79EFBC}") = "MR.MRQ001", "05.MA(구매관리)\MR(구매요청관리)\MR.MRQ001(구매요청등록(자재포장재))\MR.MRQ001.csproj", "{FCCCDF73-E280-41AD-862C-13CBF62A85F2}"
EndProject
Project("{2150E333-8FDC-42A3-9474-1A3956D46DE8}") = "IF(PLM인터페이스)", "IF(PLM인터페이스)", "{ACB7E6A3-D40A-4BEC-BB32-C8F84AA99E10}"
EndProject
Project("{FAE04EC0-301F-11D3-BF4B-00C04F79EFBC}") = "IF.INF010", "IF(PLM인터페이스)\IF.INF010(품목Interface등록)\IF.INF010.csproj", "{9541D8F5-8185-45FF-B211-348A8694EBC9}"
EndProject
Project("{FAE04EC0-301F-11D3-BF4B-00C04F79EFBC}") = "IF.INF020", "IF(PLM인터페이스)\IF.INF020(거래처Interface조회)\IF.INF020.csproj", "{69C8CCDD-A780-4B1B-8BF9-DBBFFAB52583}"
EndProject
Project("{FAE04EC0-301F-11D3-BF4B-00C04F79EFBC}") = "IF.INF030", "IF(PLM인터페이스)\IF.INF030(BOMInterface조회)\IF.INF030.csproj", "{5FC76133-A6DF-4242-A807-90EC8C009C8A}"
EndProject
Project("{FAE04EC0-301F-11D3-BF4B-00C04F79EFBC}") = "IF.INF040", "IF(PLM인터페이스)\IF.INF040(제품제조Interface조회)\IF.INF040.csproj", "{89FF6CFC-7EE4-4B95-A35A-E02EAFA038E1}"
EndProject
Project("{FAE04EC0-301F-11D3-BF4B-00C04F79EFBC}") = "IF.INF050", "IF(PLM인터페이스)\IF.INF050(구매요청Interface조회)\IF.INF050.csproj", "{B14B5260-946C-483A-9355-4802AE28084E}"
EndProject
Global
	GlobalSection(SolutionConfigurationPlatforms) = preSolution
		Debug|Any CPU = Debug|Any CPU
		Debug|x86 = Debug|x86
		Release|Any CPU = Release|Any CPU
		Release|x86 = Release|x86
	EndGlobalSection
	GlobalSection(ProjectConfigurationPlatforms) = postSolution
		{CA634426-BC8F-433F-904F-4C685A8E2A01}.Debug|Any CPU.ActiveCfg = Debug|Any CPU
		{CA634426-BC8F-433F-904F-4C685A8E2A01}.Debug|Any CPU.Build.0 = Debug|Any CPU
		{CA634426-BC8F-433F-904F-4C685A8E2A01}.Debug|x86.ActiveCfg = Debug|Any CPU
		{CA634426-BC8F-433F-904F-4C685A8E2A01}.Debug|x86.Build.0 = Debug|Any CPU
		{CA634426-BC8F-433F-904F-4C685A8E2A01}.Release|Any CPU.ActiveCfg = Release|Any CPU
		{CA634426-BC8F-433F-904F-4C685A8E2A01}.Release|Any CPU.Build.0 = Release|Any CPU
		{CA634426-BC8F-433F-904F-4C685A8E2A01}.Release|x86.ActiveCfg = Release|Any CPU
		{CA634426-BC8F-433F-904F-4C685A8E2A01}.Release|x86.Build.0 = Release|Any CPU
		{B0808ABE-66D8-4091-AC4E-2A0F0221C107}.Debug|Any CPU.ActiveCfg = Debug|Any CPU
		{B0808ABE-66D8-4091-AC4E-2A0F0221C107}.Debug|Any CPU.Build.0 = Debug|Any CPU
		{B0808ABE-66D8-4091-AC4E-2A0F0221C107}.Debug|x86.ActiveCfg = Debug|Any CPU
		{B0808ABE-66D8-4091-AC4E-2A0F0221C107}.Debug|x86.Build.0 = Debug|Any CPU
		{B0808ABE-66D8-4091-AC4E-2A0F0221C107}.Release|Any CPU.ActiveCfg = Release|Any CPU
		{B0808ABE-66D8-4091-AC4E-2A0F0221C107}.Release|Any CPU.Build.0 = Release|Any CPU
		{B0808ABE-66D8-4091-AC4E-2A0F0221C107}.Release|x86.ActiveCfg = Release|Any CPU
		{B0808ABE-66D8-4091-AC4E-2A0F0221C107}.Release|x86.Build.0 = Release|Any CPU
		{45841E94-E806-4573-A93B-26D50A07EA9C}.Debug|Any CPU.ActiveCfg = Debug|Any CPU
		{45841E94-E806-4573-A93B-26D50A07EA9C}.Debug|Any CPU.Build.0 = Debug|Any CPU
		{45841E94-E806-4573-A93B-26D50A07EA9C}.Debug|x86.ActiveCfg = Debug|Any CPU
		{45841E94-E806-4573-A93B-26D50A07EA9C}.Debug|x86.Build.0 = Debug|Any CPU
		{45841E94-E806-4573-A93B-26D50A07EA9C}.Release|Any CPU.ActiveCfg = Release|Any CPU
		{45841E94-E806-4573-A93B-26D50A07EA9C}.Release|Any CPU.Build.0 = Release|Any CPU
		{45841E94-E806-4573-A93B-26D50A07EA9C}.Release|x86.ActiveCfg = Release|Any CPU
		{45841E94-E806-4573-A93B-26D50A07EA9C}.Release|x86.Build.0 = Release|Any CPU
		{C9088CA0-829D-4845-80C7-CCC057823B75}.Debug|Any CPU.ActiveCfg = Debug|Any CPU
		{C9088CA0-829D-4845-80C7-CCC057823B75}.Debug|Any CPU.Build.0 = Debug|Any CPU
		{C9088CA0-829D-4845-80C7-CCC057823B75}.Debug|x86.ActiveCfg = Debug|Any CPU
		{C9088CA0-829D-4845-80C7-CCC057823B75}.Debug|x86.Build.0 = Debug|Any CPU
		{C9088CA0-829D-4845-80C7-CCC057823B75}.Release|Any CPU.ActiveCfg = Release|Any CPU
		{C9088CA0-829D-4845-80C7-CCC057823B75}.Release|Any CPU.Build.0 = Release|Any CPU
		{C9088CA0-829D-4845-80C7-CCC057823B75}.Release|x86.ActiveCfg = Release|Any CPU
		{C9088CA0-829D-4845-80C7-CCC057823B75}.Release|x86.Build.0 = Release|Any CPU
		{65634ED7-0FEA-49FD-A4A1-9F9673D8E5F9}.Debug|Any CPU.ActiveCfg = Debug|Any CPU
		{65634ED7-0FEA-49FD-A4A1-9F9673D8E5F9}.Debug|Any CPU.Build.0 = Debug|Any CPU
		{65634ED7-0FEA-49FD-A4A1-9F9673D8E5F9}.Debug|x86.ActiveCfg = Debug|Any CPU
		{65634ED7-0FEA-49FD-A4A1-9F9673D8E5F9}.Debug|x86.Build.0 = Debug|Any CPU
		{65634ED7-0FEA-49FD-A4A1-9F9673D8E5F9}.Release|Any CPU.ActiveCfg = Release|Any CPU
		{65634ED7-0FEA-49FD-A4A1-9F9673D8E5F9}.Release|Any CPU.Build.0 = Release|Any CPU
		{65634ED7-0FEA-49FD-A4A1-9F9673D8E5F9}.Release|x86.ActiveCfg = Release|Any CPU
		{65634ED7-0FEA-49FD-A4A1-9F9673D8E5F9}.Release|x86.Build.0 = Release|Any CPU
		{4EFC693F-1889-404A-B163-DF462EEE98C9}.Debug|Any CPU.ActiveCfg = Debug|Any CPU
		{4EFC693F-1889-404A-B163-DF462EEE98C9}.Debug|Any CPU.Build.0 = Debug|Any CPU
		{4EFC693F-1889-404A-B163-DF462EEE98C9}.Debug|x86.ActiveCfg = Debug|Any CPU
		{4EFC693F-1889-404A-B163-DF462EEE98C9}.Debug|x86.Build.0 = Debug|Any CPU
		{4EFC693F-1889-404A-B163-DF462EEE98C9}.Release|Any CPU.ActiveCfg = Release|Any CPU
		{4EFC693F-1889-404A-B163-DF462EEE98C9}.Release|Any CPU.Build.0 = Release|Any CPU
		{4EFC693F-1889-404A-B163-DF462EEE98C9}.Release|x86.ActiveCfg = Release|Any CPU
		{4EFC693F-1889-404A-B163-DF462EEE98C9}.Release|x86.Build.0 = Release|Any CPU
		{81F98BF6-861D-4035-82AE-F2AE05FACD8A}.Debug|Any CPU.ActiveCfg = Debug|Any CPU
		{81F98BF6-861D-4035-82AE-F2AE05FACD8A}.Debug|Any CPU.Build.0 = Debug|Any CPU
		{81F98BF6-861D-4035-82AE-F2AE05FACD8A}.Debug|x86.ActiveCfg = Debug|Any CPU
		{81F98BF6-861D-4035-82AE-F2AE05FACD8A}.Debug|x86.Build.0 = Debug|Any CPU
		{81F98BF6-861D-4035-82AE-F2AE05FACD8A}.Release|Any CPU.ActiveCfg = Release|Any CPU
		{81F98BF6-861D-4035-82AE-F2AE05FACD8A}.Release|Any CPU.Build.0 = Release|Any CPU
		{81F98BF6-861D-4035-82AE-F2AE05FACD8A}.Release|x86.ActiveCfg = Release|Any CPU
		{81F98BF6-861D-4035-82AE-F2AE05FACD8A}.Release|x86.Build.0 = Release|Any CPU
		{503642E6-6BAE-443C-B519-0084108AE5A5}.Debug|Any CPU.ActiveCfg = Debug|Any CPU
		{503642E6-6BAE-443C-B519-0084108AE5A5}.Debug|Any CPU.Build.0 = Debug|Any CPU
		{503642E6-6BAE-443C-B519-0084108AE5A5}.Debug|x86.ActiveCfg = Debug|Any CPU
		{503642E6-6BAE-443C-B519-0084108AE5A5}.Debug|x86.Build.0 = Debug|Any CPU
		{503642E6-6BAE-443C-B519-0084108AE5A5}.Release|Any CPU.ActiveCfg = Release|Any CPU
		{503642E6-6BAE-443C-B519-0084108AE5A5}.Release|Any CPU.Build.0 = Release|Any CPU
		{503642E6-6BAE-443C-B519-0084108AE5A5}.Release|x86.ActiveCfg = Release|Any CPU
		{503642E6-6BAE-443C-B519-0084108AE5A5}.Release|x86.Build.0 = Release|Any CPU
		{B9530D49-D16F-4825-9AF8-C21A10F61AB8}.Debug|Any CPU.ActiveCfg = Debug|Any CPU
		{B9530D49-D16F-4825-9AF8-C21A10F61AB8}.Debug|Any CPU.Build.0 = Debug|Any CPU
		{B9530D49-D16F-4825-9AF8-C21A10F61AB8}.Debug|x86.ActiveCfg = Debug|Any CPU
		{B9530D49-D16F-4825-9AF8-C21A10F61AB8}.Debug|x86.Build.0 = Debug|Any CPU
		{B9530D49-D16F-4825-9AF8-C21A10F61AB8}.Release|Any CPU.ActiveCfg = Release|Any CPU
		{B9530D49-D16F-4825-9AF8-C21A10F61AB8}.Release|Any CPU.Build.0 = Release|Any CPU
		{B9530D49-D16F-4825-9AF8-C21A10F61AB8}.Release|x86.ActiveCfg = Release|Any CPU
		{B9530D49-D16F-4825-9AF8-C21A10F61AB8}.Release|x86.Build.0 = Release|Any CPU
		{5973D094-431A-481E-B4E6-6023D5515C6B}.Debug|Any CPU.ActiveCfg = Debug|Any CPU
		{5973D094-431A-481E-B4E6-6023D5515C6B}.Debug|Any CPU.Build.0 = Debug|Any CPU
		{5973D094-431A-481E-B4E6-6023D5515C6B}.Debug|x86.ActiveCfg = Debug|Any CPU
		{5973D094-431A-481E-B4E6-6023D5515C6B}.Debug|x86.Build.0 = Debug|Any CPU
		{5973D094-431A-481E-B4E6-6023D5515C6B}.Release|Any CPU.ActiveCfg = Release|Any CPU
		{5973D094-431A-481E-B4E6-6023D5515C6B}.Release|Any CPU.Build.0 = Release|Any CPU
		{5973D094-431A-481E-B4E6-6023D5515C6B}.Release|x86.ActiveCfg = Release|Any CPU
		{5973D094-431A-481E-B4E6-6023D5515C6B}.Release|x86.Build.0 = Release|Any CPU
		{E319D55C-1046-40F3-8F0E-14DAA5BA19FE}.Debug|Any CPU.ActiveCfg = Debug|Any CPU
		{E319D55C-1046-40F3-8F0E-14DAA5BA19FE}.Debug|Any CPU.Build.0 = Debug|Any CPU
		{E319D55C-1046-40F3-8F0E-14DAA5BA19FE}.Debug|x86.ActiveCfg = Debug|Any CPU
		{E319D55C-1046-40F3-8F0E-14DAA5BA19FE}.Debug|x86.Build.0 = Debug|Any CPU
		{E319D55C-1046-40F3-8F0E-14DAA5BA19FE}.Release|Any CPU.ActiveCfg = Release|Any CPU
		{E319D55C-1046-40F3-8F0E-14DAA5BA19FE}.Release|Any CPU.Build.0 = Release|Any CPU
		{E319D55C-1046-40F3-8F0E-14DAA5BA19FE}.Release|x86.ActiveCfg = Release|Any CPU
		{E319D55C-1046-40F3-8F0E-14DAA5BA19FE}.Release|x86.Build.0 = Release|Any CPU
		{4B828F9E-F8BE-4498-B536-EEBDDF1D9C38}.Debug|Any CPU.ActiveCfg = Debug|Any CPU
		{4B828F9E-F8BE-4498-B536-EEBDDF1D9C38}.Debug|Any CPU.Build.0 = Debug|Any CPU
		{4B828F9E-F8BE-4498-B536-EEBDDF1D9C38}.Debug|x86.ActiveCfg = Debug|Any CPU
		{4B828F9E-F8BE-4498-B536-EEBDDF1D9C38}.Debug|x86.Build.0 = Debug|Any CPU
		{4B828F9E-F8BE-4498-B536-EEBDDF1D9C38}.Release|Any CPU.ActiveCfg = Release|Any CPU
		{4B828F9E-F8BE-4498-B536-EEBDDF1D9C38}.Release|Any CPU.Build.0 = Release|Any CPU
		{4B828F9E-F8BE-4498-B536-EEBDDF1D9C38}.Release|x86.ActiveCfg = Release|Any CPU
		{4B828F9E-F8BE-4498-B536-EEBDDF1D9C38}.Release|x86.Build.0 = Release|Any CPU
		{999346D9-6722-44DF-AD33-75231C4974BB}.Debug|Any CPU.ActiveCfg = Debug|Any CPU
		{999346D9-6722-44DF-AD33-75231C4974BB}.Debug|Any CPU.Build.0 = Debug|Any CPU
		{999346D9-6722-44DF-AD33-75231C4974BB}.Debug|x86.ActiveCfg = Debug|Any CPU
		{999346D9-6722-44DF-AD33-75231C4974BB}.Debug|x86.Build.0 = Debug|Any CPU
		{999346D9-6722-44DF-AD33-75231C4974BB}.Release|Any CPU.ActiveCfg = Release|Any CPU
		{999346D9-6722-44DF-AD33-75231C4974BB}.Release|Any CPU.Build.0 = Release|Any CPU
		{999346D9-6722-44DF-AD33-75231C4974BB}.Release|x86.ActiveCfg = Release|Any CPU
		{999346D9-6722-44DF-AD33-75231C4974BB}.Release|x86.Build.0 = Release|Any CPU
		{6461ADD7-BFB1-4C4D-8BA0-BA780A1FCDDB}.Debug|Any CPU.ActiveCfg = Debug|Any CPU
		{6461ADD7-BFB1-4C4D-8BA0-BA780A1FCDDB}.Debug|Any CPU.Build.0 = Debug|Any CPU
		{6461ADD7-BFB1-4C4D-8BA0-BA780A1FCDDB}.Debug|x86.ActiveCfg = Debug|Any CPU
		{6461ADD7-BFB1-4C4D-8BA0-BA780A1FCDDB}.Debug|x86.Build.0 = Debug|Any CPU
		{6461ADD7-BFB1-4C4D-8BA0-BA780A1FCDDB}.Release|Any CPU.ActiveCfg = Release|Any CPU
		{6461ADD7-BFB1-4C4D-8BA0-BA780A1FCDDB}.Release|Any CPU.Build.0 = Release|Any CPU
		{6461ADD7-BFB1-4C4D-8BA0-BA780A1FCDDB}.Release|x86.ActiveCfg = Release|Any CPU
		{6461ADD7-BFB1-4C4D-8BA0-BA780A1FCDDB}.Release|x86.Build.0 = Release|Any CPU
		{69BB2F63-C5B9-4438-8BF3-6AE73D74C728}.Debug|Any CPU.ActiveCfg = Debug|Any CPU
		{69BB2F63-C5B9-4438-8BF3-6AE73D74C728}.Debug|Any CPU.Build.0 = Debug|Any CPU
		{69BB2F63-C5B9-4438-8BF3-6AE73D74C728}.Debug|x86.ActiveCfg = Debug|Any CPU
		{69BB2F63-C5B9-4438-8BF3-6AE73D74C728}.Debug|x86.Build.0 = Debug|Any CPU
		{69BB2F63-C5B9-4438-8BF3-6AE73D74C728}.Release|Any CPU.ActiveCfg = Release|Any CPU
		{69BB2F63-C5B9-4438-8BF3-6AE73D74C728}.Release|Any CPU.Build.0 = Release|Any CPU
		{69BB2F63-C5B9-4438-8BF3-6AE73D74C728}.Release|x86.ActiveCfg = Release|Any CPU
		{69BB2F63-C5B9-4438-8BF3-6AE73D74C728}.Release|x86.Build.0 = Release|Any CPU
		{7A50A9AF-4EE4-4589-A75C-B2AC5BAB0466}.Debug|Any CPU.ActiveCfg = Debug|Any CPU
		{7A50A9AF-4EE4-4589-A75C-B2AC5BAB0466}.Debug|Any CPU.Build.0 = Debug|Any CPU
		{7A50A9AF-4EE4-4589-A75C-B2AC5BAB0466}.Debug|x86.ActiveCfg = Debug|Any CPU
		{7A50A9AF-4EE4-4589-A75C-B2AC5BAB0466}.Debug|x86.Build.0 = Debug|Any CPU
		{7A50A9AF-4EE4-4589-A75C-B2AC5BAB0466}.Release|Any CPU.ActiveCfg = Release|Any CPU
		{7A50A9AF-4EE4-4589-A75C-B2AC5BAB0466}.Release|Any CPU.Build.0 = Release|Any CPU
		{7A50A9AF-4EE4-4589-A75C-B2AC5BAB0466}.Release|x86.ActiveCfg = Release|Any CPU
		{7A50A9AF-4EE4-4589-A75C-B2AC5BAB0466}.Release|x86.Build.0 = Release|Any CPU
		{D7847F94-A2DA-4AFF-B033-7ABD939C00D5}.Debug|Any CPU.ActiveCfg = Debug|Any CPU
		{D7847F94-A2DA-4AFF-B033-7ABD939C00D5}.Debug|Any CPU.Build.0 = Debug|Any CPU
		{D7847F94-A2DA-4AFF-B033-7ABD939C00D5}.Debug|x86.ActiveCfg = Debug|Any CPU
		{D7847F94-A2DA-4AFF-B033-7ABD939C00D5}.Debug|x86.Build.0 = Debug|Any CPU
		{D7847F94-A2DA-4AFF-B033-7ABD939C00D5}.Release|Any CPU.ActiveCfg = Release|Any CPU
		{D7847F94-A2DA-4AFF-B033-7ABD939C00D5}.Release|Any CPU.Build.0 = Release|Any CPU
		{D7847F94-A2DA-4AFF-B033-7ABD939C00D5}.Release|x86.ActiveCfg = Release|Any CPU
		{D7847F94-A2DA-4AFF-B033-7ABD939C00D5}.Release|x86.Build.0 = Release|Any CPU
		{41317032-7E5B-422B-95A5-F1745B21AD82}.Debug|Any CPU.ActiveCfg = Debug|Any CPU
		{41317032-7E5B-422B-95A5-F1745B21AD82}.Debug|Any CPU.Build.0 = Debug|Any CPU
		{41317032-7E5B-422B-95A5-F1745B21AD82}.Debug|x86.ActiveCfg = Debug|Any CPU
		{41317032-7E5B-422B-95A5-F1745B21AD82}.Debug|x86.Build.0 = Debug|Any CPU
		{41317032-7E5B-422B-95A5-F1745B21AD82}.Release|Any CPU.ActiveCfg = Release|Any CPU
		{41317032-7E5B-422B-95A5-F1745B21AD82}.Release|Any CPU.Build.0 = Release|Any CPU
		{41317032-7E5B-422B-95A5-F1745B21AD82}.Release|x86.ActiveCfg = Release|Any CPU
		{41317032-7E5B-422B-95A5-F1745B21AD82}.Release|x86.Build.0 = Release|Any CPU
		{6015DCAD-609B-4358-9B39-C5EA09A92F56}.Debug|Any CPU.ActiveCfg = Debug|Any CPU
		{6015DCAD-609B-4358-9B39-C5EA09A92F56}.Debug|Any CPU.Build.0 = Debug|Any CPU
		{6015DCAD-609B-4358-9B39-C5EA09A92F56}.Debug|x86.ActiveCfg = Debug|Any CPU
		{6015DCAD-609B-4358-9B39-C5EA09A92F56}.Debug|x86.Build.0 = Debug|Any CPU
		{6015DCAD-609B-4358-9B39-C5EA09A92F56}.Release|Any CPU.ActiveCfg = Release|Any CPU
		{6015DCAD-609B-4358-9B39-C5EA09A92F56}.Release|Any CPU.Build.0 = Release|Any CPU
		{6015DCAD-609B-4358-9B39-C5EA09A92F56}.Release|x86.ActiveCfg = Release|Any CPU
		{6015DCAD-609B-4358-9B39-C5EA09A92F56}.Release|x86.Build.0 = Release|Any CPU
		{5BA08E3F-11D1-4068-AD85-C04AF35B9559}.Debug|Any CPU.ActiveCfg = Debug|Any CPU
		{5BA08E3F-11D1-4068-AD85-C04AF35B9559}.Debug|Any CPU.Build.0 = Debug|Any CPU
		{5BA08E3F-11D1-4068-AD85-C04AF35B9559}.Debug|x86.ActiveCfg = Debug|Any CPU
		{5BA08E3F-11D1-4068-AD85-C04AF35B9559}.Debug|x86.Build.0 = Debug|Any CPU
		{5BA08E3F-11D1-4068-AD85-C04AF35B9559}.Release|Any CPU.ActiveCfg = Release|Any CPU
		{5BA08E3F-11D1-4068-AD85-C04AF35B9559}.Release|Any CPU.Build.0 = Release|Any CPU
		{5BA08E3F-11D1-4068-AD85-C04AF35B9559}.Release|x86.ActiveCfg = Release|Any CPU
		{5BA08E3F-11D1-4068-AD85-C04AF35B9559}.Release|x86.Build.0 = Release|Any CPU
		{19F931F7-06DD-4233-98C5-6E255ECD82CA}.Debug|Any CPU.ActiveCfg = Debug|Any CPU
		{19F931F7-06DD-4233-98C5-6E255ECD82CA}.Debug|Any CPU.Build.0 = Debug|Any CPU
		{19F931F7-06DD-4233-98C5-6E255ECD82CA}.Debug|x86.ActiveCfg = Debug|Any CPU
		{19F931F7-06DD-4233-98C5-6E255ECD82CA}.Debug|x86.Build.0 = Debug|Any CPU
		{19F931F7-06DD-4233-98C5-6E255ECD82CA}.Release|Any CPU.ActiveCfg = Release|Any CPU
		{19F931F7-06DD-4233-98C5-6E255ECD82CA}.Release|Any CPU.Build.0 = Release|Any CPU
		{19F931F7-06DD-4233-98C5-6E255ECD82CA}.Release|x86.ActiveCfg = Release|Any CPU
		{19F931F7-06DD-4233-98C5-6E255ECD82CA}.Release|x86.Build.0 = Release|Any CPU
		{3F7CF5E9-3B25-4B51-BC13-AEC2809041E1}.Debug|Any CPU.ActiveCfg = Debug|Any CPU
		{3F7CF5E9-3B25-4B51-BC13-AEC2809041E1}.Debug|Any CPU.Build.0 = Debug|Any CPU
		{3F7CF5E9-3B25-4B51-BC13-AEC2809041E1}.Debug|x86.ActiveCfg = Debug|Any CPU
		{3F7CF5E9-3B25-4B51-BC13-AEC2809041E1}.Debug|x86.Build.0 = Debug|Any CPU
		{3F7CF5E9-3B25-4B51-BC13-AEC2809041E1}.Release|Any CPU.ActiveCfg = Release|Any CPU
		{3F7CF5E9-3B25-4B51-BC13-AEC2809041E1}.Release|Any CPU.Build.0 = Release|Any CPU
		{3F7CF5E9-3B25-4B51-BC13-AEC2809041E1}.Release|x86.ActiveCfg = Release|Any CPU
		{3F7CF5E9-3B25-4B51-BC13-AEC2809041E1}.Release|x86.Build.0 = Release|Any CPU
		{9CC71C7D-664E-4001-A3EB-FB313FDC0428}.Debug|Any CPU.ActiveCfg = Debug|Any CPU
		{9CC71C7D-664E-4001-A3EB-FB313FDC0428}.Debug|Any CPU.Build.0 = Debug|Any CPU
		{9CC71C7D-664E-4001-A3EB-FB313FDC0428}.Debug|x86.ActiveCfg = Debug|Any CPU
		{9CC71C7D-664E-4001-A3EB-FB313FDC0428}.Debug|x86.Build.0 = Debug|Any CPU
		{9CC71C7D-664E-4001-A3EB-FB313FDC0428}.Release|Any CPU.ActiveCfg = Release|Any CPU
		{9CC71C7D-664E-4001-A3EB-FB313FDC0428}.Release|Any CPU.Build.0 = Release|Any CPU
		{9CC71C7D-664E-4001-A3EB-FB313FDC0428}.Release|x86.ActiveCfg = Release|Any CPU
		{9CC71C7D-664E-4001-A3EB-FB313FDC0428}.Release|x86.Build.0 = Release|Any CPU
		{3E6F981D-84E5-4C16-A874-3E96EB076A6C}.Debug|Any CPU.ActiveCfg = Debug|Any CPU
		{3E6F981D-84E5-4C16-A874-3E96EB076A6C}.Debug|Any CPU.Build.0 = Debug|Any CPU
		{3E6F981D-84E5-4C16-A874-3E96EB076A6C}.Debug|x86.ActiveCfg = Debug|Any CPU
		{3E6F981D-84E5-4C16-A874-3E96EB076A6C}.Debug|x86.Build.0 = Debug|Any CPU
		{3E6F981D-84E5-4C16-A874-3E96EB076A6C}.Release|Any CPU.ActiveCfg = Release|Any CPU
		{3E6F981D-84E5-4C16-A874-3E96EB076A6C}.Release|Any CPU.Build.0 = Release|Any CPU
		{3E6F981D-84E5-4C16-A874-3E96EB076A6C}.Release|x86.ActiveCfg = Release|Any CPU
		{3E6F981D-84E5-4C16-A874-3E96EB076A6C}.Release|x86.Build.0 = Release|Any CPU
		{CF00B7CF-F75E-4C20-B056-5A6AE16AC8DB}.Debug|Any CPU.ActiveCfg = Debug|Any CPU
		{CF00B7CF-F75E-4C20-B056-5A6AE16AC8DB}.Debug|Any CPU.Build.0 = Debug|Any CPU
		{CF00B7CF-F75E-4C20-B056-5A6AE16AC8DB}.Debug|x86.ActiveCfg = Debug|Any CPU
		{CF00B7CF-F75E-4C20-B056-5A6AE16AC8DB}.Debug|x86.Build.0 = Debug|Any CPU
		{CF00B7CF-F75E-4C20-B056-5A6AE16AC8DB}.Release|Any CPU.ActiveCfg = Release|Any CPU
		{CF00B7CF-F75E-4C20-B056-5A6AE16AC8DB}.Release|Any CPU.Build.0 = Release|Any CPU
		{CF00B7CF-F75E-4C20-B056-5A6AE16AC8DB}.Release|x86.ActiveCfg = Release|Any CPU
		{CF00B7CF-F75E-4C20-B056-5A6AE16AC8DB}.Release|x86.Build.0 = Release|Any CPU
		{D340B49C-909A-4D71-86D4-F926795B1B8B}.Debug|Any CPU.ActiveCfg = Debug|Any CPU
		{D340B49C-909A-4D71-86D4-F926795B1B8B}.Debug|Any CPU.Build.0 = Debug|Any CPU
		{D340B49C-909A-4D71-86D4-F926795B1B8B}.Debug|x86.ActiveCfg = Debug|Any CPU
		{D340B49C-909A-4D71-86D4-F926795B1B8B}.Debug|x86.Build.0 = Debug|Any CPU
		{D340B49C-909A-4D71-86D4-F926795B1B8B}.Release|Any CPU.ActiveCfg = Release|Any CPU
		{D340B49C-909A-4D71-86D4-F926795B1B8B}.Release|Any CPU.Build.0 = Release|Any CPU
		{D340B49C-909A-4D71-86D4-F926795B1B8B}.Release|x86.ActiveCfg = Release|Any CPU
		{D340B49C-909A-4D71-86D4-F926795B1B8B}.Release|x86.Build.0 = Release|Any CPU
		{29A4069D-69A8-484C-ADBB-1D1BCBCB075B}.Debug|Any CPU.ActiveCfg = Debug|Any CPU
		{29A4069D-69A8-484C-ADBB-1D1BCBCB075B}.Debug|Any CPU.Build.0 = Debug|Any CPU
		{29A4069D-69A8-484C-ADBB-1D1BCBCB075B}.Debug|x86.ActiveCfg = Debug|Any CPU
		{29A4069D-69A8-484C-ADBB-1D1BCBCB075B}.Debug|x86.Build.0 = Debug|Any CPU
		{29A4069D-69A8-484C-ADBB-1D1BCBCB075B}.Release|Any CPU.ActiveCfg = Release|Any CPU
		{29A4069D-69A8-484C-ADBB-1D1BCBCB075B}.Release|Any CPU.Build.0 = Release|Any CPU
		{29A4069D-69A8-484C-ADBB-1D1BCBCB075B}.Release|x86.ActiveCfg = Release|Any CPU
		{29A4069D-69A8-484C-ADBB-1D1BCBCB075B}.Release|x86.Build.0 = Release|Any CPU
		{26DDBD53-485D-443E-AC98-C4BAC782C2B0}.Debug|Any CPU.ActiveCfg = Debug|Any CPU
		{26DDBD53-485D-443E-AC98-C4BAC782C2B0}.Debug|Any CPU.Build.0 = Debug|Any CPU
		{26DDBD53-485D-443E-AC98-C4BAC782C2B0}.Debug|x86.ActiveCfg = Debug|Any CPU
		{26DDBD53-485D-443E-AC98-C4BAC782C2B0}.Debug|x86.Build.0 = Debug|Any CPU
		{26DDBD53-485D-443E-AC98-C4BAC782C2B0}.Release|Any CPU.ActiveCfg = Release|Any CPU
		{26DDBD53-485D-443E-AC98-C4BAC782C2B0}.Release|Any CPU.Build.0 = Release|Any CPU
		{26DDBD53-485D-443E-AC98-C4BAC782C2B0}.Release|x86.ActiveCfg = Release|Any CPU
		{26DDBD53-485D-443E-AC98-C4BAC782C2B0}.Release|x86.Build.0 = Release|Any CPU
		{7B07569E-0F73-49F4-AFB1-CFF693D4A525}.Debug|Any CPU.ActiveCfg = Debug|Any CPU
		{7B07569E-0F73-49F4-AFB1-CFF693D4A525}.Debug|Any CPU.Build.0 = Debug|Any CPU
		{7B07569E-0F73-49F4-AFB1-CFF693D4A525}.Debug|x86.ActiveCfg = Debug|Any CPU
		{7B07569E-0F73-49F4-AFB1-CFF693D4A525}.Debug|x86.Build.0 = Debug|Any CPU
		{7B07569E-0F73-49F4-AFB1-CFF693D4A525}.Release|Any CPU.ActiveCfg = Release|Any CPU
		{7B07569E-0F73-49F4-AFB1-CFF693D4A525}.Release|Any CPU.Build.0 = Release|Any CPU
		{7B07569E-0F73-49F4-AFB1-CFF693D4A525}.Release|x86.ActiveCfg = Release|Any CPU
		{7B07569E-0F73-49F4-AFB1-CFF693D4A525}.Release|x86.Build.0 = Release|Any CPU
		{12E6B460-F60E-4A4C-BF8C-0408BB727A4B}.Debug|Any CPU.ActiveCfg = Debug|Any CPU
		{12E6B460-F60E-4A4C-BF8C-0408BB727A4B}.Debug|Any CPU.Build.0 = Debug|Any CPU
		{12E6B460-F60E-4A4C-BF8C-0408BB727A4B}.Debug|x86.ActiveCfg = Debug|Any CPU
		{12E6B460-F60E-4A4C-BF8C-0408BB727A4B}.Debug|x86.Build.0 = Debug|Any CPU
		{12E6B460-F60E-4A4C-BF8C-0408BB727A4B}.Release|Any CPU.ActiveCfg = Release|Any CPU
		{12E6B460-F60E-4A4C-BF8C-0408BB727A4B}.Release|Any CPU.Build.0 = Release|Any CPU
		{12E6B460-F60E-4A4C-BF8C-0408BB727A4B}.Release|x86.ActiveCfg = Release|Any CPU
		{12E6B460-F60E-4A4C-BF8C-0408BB727A4B}.Release|x86.Build.0 = Release|Any CPU
		{9390E83C-950D-4E59-9615-3558127797F2}.Debug|Any CPU.ActiveCfg = Debug|Any CPU
		{9390E83C-950D-4E59-9615-3558127797F2}.Debug|Any CPU.Build.0 = Debug|Any CPU
		{9390E83C-950D-4E59-9615-3558127797F2}.Debug|x86.ActiveCfg = Debug|Any CPU
		{9390E83C-950D-4E59-9615-3558127797F2}.Debug|x86.Build.0 = Debug|Any CPU
		{9390E83C-950D-4E59-9615-3558127797F2}.Release|Any CPU.ActiveCfg = Release|Any CPU
		{9390E83C-950D-4E59-9615-3558127797F2}.Release|Any CPU.Build.0 = Release|Any CPU
		{9390E83C-950D-4E59-9615-3558127797F2}.Release|x86.ActiveCfg = Release|Any CPU
		{9390E83C-950D-4E59-9615-3558127797F2}.Release|x86.Build.0 = Release|Any CPU
		{BA8E88E6-D070-4FEF-A45F-5D7BDC2655B6}.Debug|Any CPU.ActiveCfg = Debug|Any CPU
		{BA8E88E6-D070-4FEF-A45F-5D7BDC2655B6}.Debug|Any CPU.Build.0 = Debug|Any CPU
		{BA8E88E6-D070-4FEF-A45F-5D7BDC2655B6}.Debug|x86.ActiveCfg = Debug|Any CPU
		{BA8E88E6-D070-4FEF-A45F-5D7BDC2655B6}.Debug|x86.Build.0 = Debug|Any CPU
		{BA8E88E6-D070-4FEF-A45F-5D7BDC2655B6}.Release|Any CPU.ActiveCfg = Release|Any CPU
		{BA8E88E6-D070-4FEF-A45F-5D7BDC2655B6}.Release|Any CPU.Build.0 = Release|Any CPU
		{BA8E88E6-D070-4FEF-A45F-5D7BDC2655B6}.Release|x86.ActiveCfg = Release|Any CPU
		{BA8E88E6-D070-4FEF-A45F-5D7BDC2655B6}.Release|x86.Build.0 = Release|Any CPU
		{BA8E2767-17EA-443A-BFC9-845C32C1E2AE}.Debug|Any CPU.ActiveCfg = Debug|Any CPU
		{BA8E2767-17EA-443A-BFC9-845C32C1E2AE}.Debug|Any CPU.Build.0 = Debug|Any CPU
		{BA8E2767-17EA-443A-BFC9-845C32C1E2AE}.Debug|x86.ActiveCfg = Debug|Any CPU
		{BA8E2767-17EA-443A-BFC9-845C32C1E2AE}.Debug|x86.Build.0 = Debug|Any CPU
		{BA8E2767-17EA-443A-BFC9-845C32C1E2AE}.Release|Any CPU.ActiveCfg = Release|Any CPU
		{BA8E2767-17EA-443A-BFC9-845C32C1E2AE}.Release|Any CPU.Build.0 = Release|Any CPU
		{BA8E2767-17EA-443A-BFC9-845C32C1E2AE}.Release|x86.ActiveCfg = Release|Any CPU
		{BA8E2767-17EA-443A-BFC9-845C32C1E2AE}.Release|x86.Build.0 = Release|Any CPU
		{78580AE4-95D0-482A-8967-BDC1146C537C}.Debug|Any CPU.ActiveCfg = Debug|Any CPU
		{78580AE4-95D0-482A-8967-BDC1146C537C}.Debug|Any CPU.Build.0 = Debug|Any CPU
		{78580AE4-95D0-482A-8967-BDC1146C537C}.Debug|x86.ActiveCfg = Debug|Any CPU
		{78580AE4-95D0-482A-8967-BDC1146C537C}.Debug|x86.Build.0 = Debug|Any CPU
		{78580AE4-95D0-482A-8967-BDC1146C537C}.Release|Any CPU.ActiveCfg = Release|Any CPU
		{78580AE4-95D0-482A-8967-BDC1146C537C}.Release|Any CPU.Build.0 = Release|Any CPU
		{78580AE4-95D0-482A-8967-BDC1146C537C}.Release|x86.ActiveCfg = Release|Any CPU
		{78580AE4-95D0-482A-8967-BDC1146C537C}.Release|x86.Build.0 = Release|Any CPU
		{89F193E3-6A06-4CE2-AA44-38F262D67C26}.Debug|Any CPU.ActiveCfg = Debug|Any CPU
		{89F193E3-6A06-4CE2-AA44-38F262D67C26}.Debug|Any CPU.Build.0 = Debug|Any CPU
		{89F193E3-6A06-4CE2-AA44-38F262D67C26}.Debug|x86.ActiveCfg = Debug|Any CPU
		{89F193E3-6A06-4CE2-AA44-38F262D67C26}.Debug|x86.Build.0 = Debug|Any CPU
		{89F193E3-6A06-4CE2-AA44-38F262D67C26}.Release|Any CPU.ActiveCfg = Release|Any CPU
		{89F193E3-6A06-4CE2-AA44-38F262D67C26}.Release|Any CPU.Build.0 = Release|Any CPU
		{89F193E3-6A06-4CE2-AA44-38F262D67C26}.Release|x86.ActiveCfg = Release|Any CPU
		{89F193E3-6A06-4CE2-AA44-38F262D67C26}.Release|x86.Build.0 = Release|Any CPU
		{87346C83-9434-4A4C-9D3D-450E2A50D237}.Debug|Any CPU.ActiveCfg = Debug|Any CPU
		{87346C83-9434-4A4C-9D3D-450E2A50D237}.Debug|Any CPU.Build.0 = Debug|Any CPU
		{87346C83-9434-4A4C-9D3D-450E2A50D237}.Debug|x86.ActiveCfg = Debug|Any CPU
		{87346C83-9434-4A4C-9D3D-450E2A50D237}.Debug|x86.Build.0 = Debug|Any CPU
		{87346C83-9434-4A4C-9D3D-450E2A50D237}.Release|Any CPU.ActiveCfg = Release|Any CPU
		{87346C83-9434-4A4C-9D3D-450E2A50D237}.Release|Any CPU.Build.0 = Release|Any CPU
		{87346C83-9434-4A4C-9D3D-450E2A50D237}.Release|x86.ActiveCfg = Release|Any CPU
		{87346C83-9434-4A4C-9D3D-450E2A50D237}.Release|x86.Build.0 = Release|Any CPU
		{A9D014C3-F0F2-42E7-9A1E-808221CF76BD}.Debug|Any CPU.ActiveCfg = Debug|Any CPU
		{A9D014C3-F0F2-42E7-9A1E-808221CF76BD}.Debug|Any CPU.Build.0 = Debug|Any CPU
		{A9D014C3-F0F2-42E7-9A1E-808221CF76BD}.Debug|x86.ActiveCfg = Debug|Any CPU
		{A9D014C3-F0F2-42E7-9A1E-808221CF76BD}.Debug|x86.Build.0 = Debug|Any CPU
		{A9D014C3-F0F2-42E7-9A1E-808221CF76BD}.Release|Any CPU.ActiveCfg = Release|Any CPU
		{A9D014C3-F0F2-42E7-9A1E-808221CF76BD}.Release|Any CPU.Build.0 = Release|Any CPU
		{A9D014C3-F0F2-42E7-9A1E-808221CF76BD}.Release|x86.ActiveCfg = Release|Any CPU
		{A9D014C3-F0F2-42E7-9A1E-808221CF76BD}.Release|x86.Build.0 = Release|Any CPU
		{E91886A5-93F4-4D4E-8EDC-9D1CC2A35887}.Debug|Any CPU.ActiveCfg = Debug|Any CPU
		{E91886A5-93F4-4D4E-8EDC-9D1CC2A35887}.Debug|Any CPU.Build.0 = Debug|Any CPU
		{E91886A5-93F4-4D4E-8EDC-9D1CC2A35887}.Debug|x86.ActiveCfg = Debug|Any CPU
		{E91886A5-93F4-4D4E-8EDC-9D1CC2A35887}.Debug|x86.Build.0 = Debug|Any CPU
		{E91886A5-93F4-4D4E-8EDC-9D1CC2A35887}.Release|Any CPU.ActiveCfg = Release|Any CPU
		{E91886A5-93F4-4D4E-8EDC-9D1CC2A35887}.Release|Any CPU.Build.0 = Release|Any CPU
		{E91886A5-93F4-4D4E-8EDC-9D1CC2A35887}.Release|x86.ActiveCfg = Release|Any CPU
		{E91886A5-93F4-4D4E-8EDC-9D1CC2A35887}.Release|x86.Build.0 = Release|Any CPU
		{805247D8-C19A-41BA-BC7C-83EC3AD38F97}.Debug|Any CPU.ActiveCfg = Debug|Any CPU
		{805247D8-C19A-41BA-BC7C-83EC3AD38F97}.Debug|Any CPU.Build.0 = Debug|Any CPU
		{805247D8-C19A-41BA-BC7C-83EC3AD38F97}.Debug|x86.ActiveCfg = Debug|Any CPU
		{805247D8-C19A-41BA-BC7C-83EC3AD38F97}.Debug|x86.Build.0 = Debug|Any CPU
		{805247D8-C19A-41BA-BC7C-83EC3AD38F97}.Release|Any CPU.ActiveCfg = Release|Any CPU
		{805247D8-C19A-41BA-BC7C-83EC3AD38F97}.Release|Any CPU.Build.0 = Release|Any CPU
		{805247D8-C19A-41BA-BC7C-83EC3AD38F97}.Release|x86.ActiveCfg = Release|Any CPU
		{805247D8-C19A-41BA-BC7C-83EC3AD38F97}.Release|x86.Build.0 = Release|Any CPU
		{C545AAB0-2ADD-4A50-8E8D-03DD472E374E}.Debug|Any CPU.ActiveCfg = Debug|Any CPU
		{C545AAB0-2ADD-4A50-8E8D-03DD472E374E}.Debug|Any CPU.Build.0 = Debug|Any CPU
		{C545AAB0-2ADD-4A50-8E8D-03DD472E374E}.Debug|x86.ActiveCfg = Debug|Any CPU
		{C545AAB0-2ADD-4A50-8E8D-03DD472E374E}.Debug|x86.Build.0 = Debug|Any CPU
		{C545AAB0-2ADD-4A50-8E8D-03DD472E374E}.Release|Any CPU.ActiveCfg = Release|Any CPU
		{C545AAB0-2ADD-4A50-8E8D-03DD472E374E}.Release|Any CPU.Build.0 = Release|Any CPU
		{C545AAB0-2ADD-4A50-8E8D-03DD472E374E}.Release|x86.ActiveCfg = Release|Any CPU
		{C545AAB0-2ADD-4A50-8E8D-03DD472E374E}.Release|x86.Build.0 = Release|Any CPU
		{D47902AD-13FE-4DB4-A118-398087637D7E}.Debug|Any CPU.ActiveCfg = Debug|Any CPU
		{D47902AD-13FE-4DB4-A118-398087637D7E}.Debug|Any CPU.Build.0 = Debug|Any CPU
		{D47902AD-13FE-4DB4-A118-398087637D7E}.Debug|x86.ActiveCfg = Debug|Any CPU
		{D47902AD-13FE-4DB4-A118-398087637D7E}.Debug|x86.Build.0 = Debug|Any CPU
		{D47902AD-13FE-4DB4-A118-398087637D7E}.Release|Any CPU.ActiveCfg = Release|Any CPU
		{D47902AD-13FE-4DB4-A118-398087637D7E}.Release|Any CPU.Build.0 = Release|Any CPU
		{D47902AD-13FE-4DB4-A118-398087637D7E}.Release|x86.ActiveCfg = Release|Any CPU
		{D47902AD-13FE-4DB4-A118-398087637D7E}.Release|x86.Build.0 = Release|Any CPU
		{7090AF3D-8973-4456-A4B1-1C0282F60538}.Debug|Any CPU.ActiveCfg = Debug|Any CPU
		{7090AF3D-8973-4456-A4B1-1C0282F60538}.Debug|Any CPU.Build.0 = Debug|Any CPU
		{7090AF3D-8973-4456-A4B1-1C0282F60538}.Debug|x86.ActiveCfg = Debug|Any CPU
		{7090AF3D-8973-4456-A4B1-1C0282F60538}.Release|Any CPU.ActiveCfg = Release|Any CPU
		{7090AF3D-8973-4456-A4B1-1C0282F60538}.Release|Any CPU.Build.0 = Release|Any CPU
		{7090AF3D-8973-4456-A4B1-1C0282F60538}.Release|x86.ActiveCfg = Release|Any CPU
		{F359628D-352E-43E4-B87E-8B8202F1E0B8}.Debug|Any CPU.ActiveCfg = Debug|Any CPU
		{F359628D-352E-43E4-B87E-8B8202F1E0B8}.Debug|Any CPU.Build.0 = Debug|Any CPU
		{F359628D-352E-43E4-B87E-8B8202F1E0B8}.Debug|x86.ActiveCfg = Debug|Any CPU
		{F359628D-352E-43E4-B87E-8B8202F1E0B8}.Debug|x86.Build.0 = Debug|Any CPU
		{F359628D-352E-43E4-B87E-8B8202F1E0B8}.Release|Any CPU.ActiveCfg = Release|Any CPU
		{F359628D-352E-43E4-B87E-8B8202F1E0B8}.Release|Any CPU.Build.0 = Release|Any CPU
		{F359628D-352E-43E4-B87E-8B8202F1E0B8}.Release|x86.ActiveCfg = Release|Any CPU
		{F359628D-352E-43E4-B87E-8B8202F1E0B8}.Release|x86.Build.0 = Release|Any CPU
		{1AC49E7B-4ED8-4C58-B3AF-B3EE6C44A320}.Debug|Any CPU.ActiveCfg = Debug|Any CPU
		{1AC49E7B-4ED8-4C58-B3AF-B3EE6C44A320}.Debug|Any CPU.Build.0 = Debug|Any CPU
		{1AC49E7B-4ED8-4C58-B3AF-B3EE6C44A320}.Debug|x86.ActiveCfg = Debug|Any CPU
		{1AC49E7B-4ED8-4C58-B3AF-B3EE6C44A320}.Debug|x86.Build.0 = Debug|Any CPU
		{1AC49E7B-4ED8-4C58-B3AF-B3EE6C44A320}.Release|Any CPU.ActiveCfg = Release|Any CPU
		{1AC49E7B-4ED8-4C58-B3AF-B3EE6C44A320}.Release|Any CPU.Build.0 = Release|Any CPU
		{1AC49E7B-4ED8-4C58-B3AF-B3EE6C44A320}.Release|x86.ActiveCfg = Release|Any CPU
		{1AC49E7B-4ED8-4C58-B3AF-B3EE6C44A320}.Release|x86.Build.0 = Release|Any CPU
		{FDD29A45-7C8F-4B64-8835-29096DEA5EFF}.Debug|Any CPU.ActiveCfg = Debug|Any CPU
		{FDD29A45-7C8F-4B64-8835-29096DEA5EFF}.Debug|Any CPU.Build.0 = Debug|Any CPU
		{FDD29A45-7C8F-4B64-8835-29096DEA5EFF}.Debug|x86.ActiveCfg = Debug|Any CPU
		{FDD29A45-7C8F-4B64-8835-29096DEA5EFF}.Debug|x86.Build.0 = Debug|Any CPU
		{FDD29A45-7C8F-4B64-8835-29096DEA5EFF}.Release|Any CPU.ActiveCfg = Release|Any CPU
		{FDD29A45-7C8F-4B64-8835-29096DEA5EFF}.Release|Any CPU.Build.0 = Release|Any CPU
		{FDD29A45-7C8F-4B64-8835-29096DEA5EFF}.Release|x86.ActiveCfg = Release|Any CPU
		{FDD29A45-7C8F-4B64-8835-29096DEA5EFF}.Release|x86.Build.0 = Release|Any CPU
		{159A7E2B-B7F8-49D8-8459-987D1CCDA6A3}.Debug|Any CPU.ActiveCfg = Debug|Any CPU
		{159A7E2B-B7F8-49D8-8459-987D1CCDA6A3}.Debug|Any CPU.Build.0 = Debug|Any CPU
		{159A7E2B-B7F8-49D8-8459-987D1CCDA6A3}.Debug|x86.ActiveCfg = Debug|Any CPU
		{159A7E2B-B7F8-49D8-8459-987D1CCDA6A3}.Debug|x86.Build.0 = Debug|Any CPU
		{159A7E2B-B7F8-49D8-8459-987D1CCDA6A3}.Release|Any CPU.ActiveCfg = Release|Any CPU
		{159A7E2B-B7F8-49D8-8459-987D1CCDA6A3}.Release|Any CPU.Build.0 = Release|Any CPU
		{159A7E2B-B7F8-49D8-8459-987D1CCDA6A3}.Release|x86.ActiveCfg = Release|Any CPU
		{159A7E2B-B7F8-49D8-8459-987D1CCDA6A3}.Release|x86.Build.0 = Release|Any CPU
		{9020EEE5-7F2C-4829-8ECA-C0DF1B39933A}.Debug|Any CPU.ActiveCfg = Debug|Any CPU
		{9020EEE5-7F2C-4829-8ECA-C0DF1B39933A}.Debug|Any CPU.Build.0 = Debug|Any CPU
		{9020EEE5-7F2C-4829-8ECA-C0DF1B39933A}.Debug|x86.ActiveCfg = Debug|Any CPU
		{9020EEE5-7F2C-4829-8ECA-C0DF1B39933A}.Debug|x86.Build.0 = Debug|Any CPU
		{9020EEE5-7F2C-4829-8ECA-C0DF1B39933A}.Release|Any CPU.ActiveCfg = Release|Any CPU
		{9020EEE5-7F2C-4829-8ECA-C0DF1B39933A}.Release|Any CPU.Build.0 = Release|Any CPU
		{9020EEE5-7F2C-4829-8ECA-C0DF1B39933A}.Release|x86.ActiveCfg = Release|Any CPU
		{9020EEE5-7F2C-4829-8ECA-C0DF1B39933A}.Release|x86.Build.0 = Release|Any CPU
		{E531A7D9-E680-47E3-BCD9-EC5839E1891A}.Debug|Any CPU.ActiveCfg = Debug|Any CPU
		{E531A7D9-E680-47E3-BCD9-EC5839E1891A}.Debug|Any CPU.Build.0 = Debug|Any CPU
		{E531A7D9-E680-47E3-BCD9-EC5839E1891A}.Debug|x86.ActiveCfg = Debug|Any CPU
		{E531A7D9-E680-47E3-BCD9-EC5839E1891A}.Debug|x86.Build.0 = Debug|Any CPU
		{E531A7D9-E680-47E3-BCD9-EC5839E1891A}.Release|Any CPU.ActiveCfg = Release|Any CPU
		{E531A7D9-E680-47E3-BCD9-EC5839E1891A}.Release|Any CPU.Build.0 = Release|Any CPU
		{E531A7D9-E680-47E3-BCD9-EC5839E1891A}.Release|x86.ActiveCfg = Release|Any CPU
		{E531A7D9-E680-47E3-BCD9-EC5839E1891A}.Release|x86.Build.0 = Release|Any CPU
		{591B3FB2-915F-4974-81F3-6724CE5A2801}.Debug|Any CPU.ActiveCfg = Debug|Any CPU
		{591B3FB2-915F-4974-81F3-6724CE5A2801}.Debug|Any CPU.Build.0 = Debug|Any CPU
		{591B3FB2-915F-4974-81F3-6724CE5A2801}.Debug|x86.ActiveCfg = Debug|Any CPU
		{591B3FB2-915F-4974-81F3-6724CE5A2801}.Debug|x86.Build.0 = Debug|Any CPU
		{591B3FB2-915F-4974-81F3-6724CE5A2801}.Release|Any CPU.ActiveCfg = Release|Any CPU
		{591B3FB2-915F-4974-81F3-6724CE5A2801}.Release|Any CPU.Build.0 = Release|Any CPU
		{591B3FB2-915F-4974-81F3-6724CE5A2801}.Release|x86.ActiveCfg = Release|Any CPU
		{591B3FB2-915F-4974-81F3-6724CE5A2801}.Release|x86.Build.0 = Release|Any CPU
		{65B82D70-033F-4F2F-9B5C-595B0DB2382F}.Debug|Any CPU.ActiveCfg = Debug|Any CPU
		{65B82D70-033F-4F2F-9B5C-595B0DB2382F}.Debug|Any CPU.Build.0 = Debug|Any CPU
		{65B82D70-033F-4F2F-9B5C-595B0DB2382F}.Debug|x86.ActiveCfg = Debug|x86
		{65B82D70-033F-4F2F-9B5C-595B0DB2382F}.Debug|x86.Build.0 = Debug|x86
		{65B82D70-033F-4F2F-9B5C-595B0DB2382F}.Release|Any CPU.ActiveCfg = Release|Any CPU
		{65B82D70-033F-4F2F-9B5C-595B0DB2382F}.Release|Any CPU.Build.0 = Release|Any CPU
		{65B82D70-033F-4F2F-9B5C-595B0DB2382F}.Release|x86.ActiveCfg = Release|x86
		{65B82D70-033F-4F2F-9B5C-595B0DB2382F}.Release|x86.Build.0 = Release|x86
		{72623A10-23C9-4B4D-9F71-F2C7FE2BC13C}.Debug|Any CPU.ActiveCfg = Debug|Any CPU
		{72623A10-23C9-4B4D-9F71-F2C7FE2BC13C}.Debug|Any CPU.Build.0 = Debug|Any CPU
		{72623A10-23C9-4B4D-9F71-F2C7FE2BC13C}.Debug|x86.ActiveCfg = Debug|Any CPU
		{72623A10-23C9-4B4D-9F71-F2C7FE2BC13C}.Debug|x86.Build.0 = Debug|Any CPU
		{72623A10-23C9-4B4D-9F71-F2C7FE2BC13C}.Release|Any CPU.ActiveCfg = Release|Any CPU
		{72623A10-23C9-4B4D-9F71-F2C7FE2BC13C}.Release|Any CPU.Build.0 = Release|Any CPU
		{72623A10-23C9-4B4D-9F71-F2C7FE2BC13C}.Release|x86.ActiveCfg = Release|Any CPU
		{72623A10-23C9-4B4D-9F71-F2C7FE2BC13C}.Release|x86.Build.0 = Release|Any CPU
		{D0304DF9-D5CD-413F-9AB3-6B71C9EC9131}.Debug|Any CPU.ActiveCfg = Debug|Any CPU
		{D0304DF9-D5CD-413F-9AB3-6B71C9EC9131}.Debug|Any CPU.Build.0 = Debug|Any CPU
		{D0304DF9-D5CD-413F-9AB3-6B71C9EC9131}.Debug|x86.ActiveCfg = Debug|Any CPU
		{D0304DF9-D5CD-413F-9AB3-6B71C9EC9131}.Debug|x86.Build.0 = Debug|Any CPU
		{D0304DF9-D5CD-413F-9AB3-6B71C9EC9131}.Release|Any CPU.ActiveCfg = Release|Any CPU
		{D0304DF9-D5CD-413F-9AB3-6B71C9EC9131}.Release|Any CPU.Build.0 = Release|Any CPU
		{D0304DF9-D5CD-413F-9AB3-6B71C9EC9131}.Release|x86.ActiveCfg = Release|Any CPU
		{D0304DF9-D5CD-413F-9AB3-6B71C9EC9131}.Release|x86.Build.0 = Release|Any CPU
		{9973D0E5-FBE4-45FA-BC20-538D4C83A72B}.Debug|Any CPU.ActiveCfg = Debug|Any CPU
		{9973D0E5-FBE4-45FA-BC20-538D4C83A72B}.Debug|Any CPU.Build.0 = Debug|Any CPU
		{9973D0E5-FBE4-45FA-BC20-538D4C83A72B}.Debug|x86.ActiveCfg = Debug|Any CPU
		{9973D0E5-FBE4-45FA-BC20-538D4C83A72B}.Debug|x86.Build.0 = Debug|Any CPU
		{9973D0E5-FBE4-45FA-BC20-538D4C83A72B}.Release|Any CPU.ActiveCfg = Release|Any CPU
		{9973D0E5-FBE4-45FA-BC20-538D4C83A72B}.Release|Any CPU.Build.0 = Release|Any CPU
		{9973D0E5-FBE4-45FA-BC20-538D4C83A72B}.Release|x86.ActiveCfg = Release|Any CPU
		{9973D0E5-FBE4-45FA-BC20-538D4C83A72B}.Release|x86.Build.0 = Release|Any CPU
		{FCCCDF73-E280-41AD-862C-13CBF62A85F2}.Debug|Any CPU.ActiveCfg = Debug|Any CPU
		{FCCCDF73-E280-41AD-862C-13CBF62A85F2}.Debug|Any CPU.Build.0 = Debug|Any CPU
		{FCCCDF73-E280-41AD-862C-13CBF62A85F2}.Debug|x86.ActiveCfg = Debug|Any CPU
		{FCCCDF73-E280-41AD-862C-13CBF62A85F2}.Debug|x86.Build.0 = Debug|Any CPU
		{FCCCDF73-E280-41AD-862C-13CBF62A85F2}.Release|Any CPU.ActiveCfg = Release|Any CPU
		{FCCCDF73-E280-41AD-862C-13CBF62A85F2}.Release|Any CPU.Build.0 = Release|Any CPU
		{FCCCDF73-E280-41AD-862C-13CBF62A85F2}.Release|x86.ActiveCfg = Release|Any CPU
		{FCCCDF73-E280-41AD-862C-13CBF62A85F2}.Release|x86.Build.0 = Release|Any CPU
		{9541D8F5-8185-45FF-B211-348A8694EBC9}.Debug|Any CPU.ActiveCfg = Debug|Any CPU
		{9541D8F5-8185-45FF-B211-348A8694EBC9}.Debug|Any CPU.Build.0 = Debug|Any CPU
		{9541D8F5-8185-45FF-B211-348A8694EBC9}.Debug|x86.ActiveCfg = Debug|x86
		{9541D8F5-8185-45FF-B211-348A8694EBC9}.Debug|x86.Build.0 = Debug|x86
		{9541D8F5-8185-45FF-B211-348A8694EBC9}.Release|Any CPU.ActiveCfg = Release|Any CPU
		{9541D8F5-8185-45FF-B211-348A8694EBC9}.Release|Any CPU.Build.0 = Release|Any CPU
		{9541D8F5-8185-45FF-B211-348A8694EBC9}.Release|x86.ActiveCfg = Release|x86
		{9541D8F5-8185-45FF-B211-348A8694EBC9}.Release|x86.Build.0 = Release|x86
		{69C8CCDD-A780-4B1B-8BF9-DBBFFAB52583}.Debug|Any CPU.ActiveCfg = Debug|Any CPU
		{69C8CCDD-A780-4B1B-8BF9-DBBFFAB52583}.Debug|Any CPU.Build.0 = Debug|Any CPU
		{69C8CCDD-A780-4B1B-8BF9-DBBFFAB52583}.Debug|x86.ActiveCfg = Debug|Any CPU
		{69C8CCDD-A780-4B1B-8BF9-DBBFFAB52583}.Debug|x86.Build.0 = Debug|Any CPU
		{69C8CCDD-A780-4B1B-8BF9-DBBFFAB52583}.Release|Any CPU.ActiveCfg = Release|Any CPU
		{69C8CCDD-A780-4B1B-8BF9-DBBFFAB52583}.Release|Any CPU.Build.0 = Release|Any CPU
		{69C8CCDD-A780-4B1B-8BF9-DBBFFAB52583}.Release|x86.ActiveCfg = Release|Any CPU
		{69C8CCDD-A780-4B1B-8BF9-DBBFFAB52583}.Release|x86.Build.0 = Release|Any CPU
		{5FC76133-A6DF-4242-A807-90EC8C009C8A}.Debug|Any CPU.ActiveCfg = Debug|Any CPU
		{5FC76133-A6DF-4242-A807-90EC8C009C8A}.Debug|Any CPU.Build.0 = Debug|Any CPU
		{5FC76133-A6DF-4242-A807-90EC8C009C8A}.Debug|x86.ActiveCfg = Debug|Any CPU
		{5FC76133-A6DF-4242-A807-90EC8C009C8A}.Debug|x86.Build.0 = Debug|Any CPU
		{5FC76133-A6DF-4242-A807-90EC8C009C8A}.Release|Any CPU.ActiveCfg = Release|Any CPU
		{5FC76133-A6DF-4242-A807-90EC8C009C8A}.Release|Any CPU.Build.0 = Release|Any CPU
		{5FC76133-A6DF-4242-A807-90EC8C009C8A}.Release|x86.ActiveCfg = Release|Any CPU
		{5FC76133-A6DF-4242-A807-90EC8C009C8A}.Release|x86.Build.0 = Release|Any CPU
		{89FF6CFC-7EE4-4B95-A35A-E02EAFA038E1}.Debug|Any CPU.ActiveCfg = Debug|Any CPU
		{89FF6CFC-7EE4-4B95-A35A-E02EAFA038E1}.Debug|Any CPU.Build.0 = Debug|Any CPU
		{89FF6CFC-7EE4-4B95-A35A-E02EAFA038E1}.Debug|x86.ActiveCfg = Debug|Any CPU
		{89FF6CFC-7EE4-4B95-A35A-E02EAFA038E1}.Debug|x86.Build.0 = Debug|Any CPU
		{89FF6CFC-7EE4-4B95-A35A-E02EAFA038E1}.Release|Any CPU.ActiveCfg = Release|Any CPU
		{89FF6CFC-7EE4-4B95-A35A-E02EAFA038E1}.Release|Any CPU.Build.0 = Release|Any CPU
		{89FF6CFC-7EE4-4B95-A35A-E02EAFA038E1}.Release|x86.ActiveCfg = Release|Any CPU
		{89FF6CFC-7EE4-4B95-A35A-E02EAFA038E1}.Release|x86.Build.0 = Release|Any CPU
		{B14B5260-946C-483A-9355-4802AE28084E}.Debug|Any CPU.ActiveCfg = Debug|Any CPU
		{B14B5260-946C-483A-9355-4802AE28084E}.Debug|Any CPU.Build.0 = Debug|Any CPU
		{B14B5260-946C-483A-9355-4802AE28084E}.Debug|x86.ActiveCfg = Debug|Any CPU
		{B14B5260-946C-483A-9355-4802AE28084E}.Debug|x86.Build.0 = Debug|Any CPU
		{B14B5260-946C-483A-9355-4802AE28084E}.Release|Any CPU.ActiveCfg = Release|Any CPU
		{B14B5260-946C-483A-9355-4802AE28084E}.Release|Any CPU.Build.0 = Release|Any CPU
		{B14B5260-946C-483A-9355-4802AE28084E}.Release|x86.ActiveCfg = Release|Any CPU
		{B14B5260-946C-483A-9355-4802AE28084E}.Release|x86.Build.0 = Release|Any CPU
	EndGlobalSection
	GlobalSection(SolutionProperties) = preSolution
		HideSolutionNode = FALSE
	EndGlobalSection
	GlobalSection(NestedProjects) = preSolution
		{CA634426-BC8F-433F-904F-4C685A8E2A01} = {F614A109-1198-4599-8A9D-DD1E995ECE39}
		{B0808ABE-66D8-4091-AC4E-2A0F0221C107} = {26FFC097-CEA4-40AC-8A4B-7430CE614AEE}
		{45841E94-E806-4573-A93B-26D50A07EA9C} = {26FFC097-CEA4-40AC-8A4B-7430CE614AEE}
		{C9088CA0-829D-4845-80C7-CCC057823B75} = {26FFC097-CEA4-40AC-8A4B-7430CE614AEE}
		{65634ED7-0FEA-49FD-A4A1-9F9673D8E5F9} = {26FFC097-CEA4-40AC-8A4B-7430CE614AEE}
		{4EFC693F-1889-404A-B163-DF462EEE98C9} = {26FFC097-CEA4-40AC-8A4B-7430CE614AEE}
		{9CB23094-252D-488E-BB44-75D50C4777D6} = {B4409AF8-81A3-4CBE-85EB-1563BF2C7850}
		{81F98BF6-861D-4035-82AE-F2AE05FACD8A} = {9CB23094-252D-488E-BB44-75D50C4777D6}
		{A30E7DD0-230B-4D24-BF38-3786DD26E5DB} = {C01D4356-F57A-4BC9-88F7-96CF895293DB}
		{503642E6-6BAE-443C-B519-0084108AE5A5} = {A30E7DD0-230B-4D24-BF38-3786DD26E5DB}
		{B9530D49-D16F-4825-9AF8-C21A10F61AB8} = {52F44804-754D-447E-864C-158A65CED736}
		{72FBECDF-A825-4C0B-A736-666798A9462A} = {FBCF8378-861A-46F3-A791-7019CE38C6F4}
		{F614A109-1198-4599-8A9D-DD1E995ECE39} = {FBCF8378-861A-46F3-A791-7019CE38C6F4}
		{5973D094-431A-481E-B4E6-6023D5515C6B} = {72FBECDF-A825-4C0B-A736-666798A9462A}
		{E319D55C-1046-40F3-8F0E-14DAA5BA19FE} = {B6C5D3D2-699F-40CF-B450-97235C0B6215}
		{5C82692D-5862-4E7A-B2D3-B81B3130CAEF} = {C01D4356-F57A-4BC9-88F7-96CF895293DB}
		{4B828F9E-F8BE-4498-B536-EEBDDF1D9C38} = {5C82692D-5862-4E7A-B2D3-B81B3130CAEF}
		{98E01BA7-D3D2-4304-8DAF-C4DD521E25FD} = {8716B4F7-06C9-4EAF-A518-DB64A2012307}
		{999346D9-6722-44DF-AD33-75231C4974BB} = {98E01BA7-D3D2-4304-8DAF-C4DD521E25FD}
		{6461ADD7-BFB1-4C4D-8BA0-BA780A1FCDDB} = {52F44804-754D-447E-864C-158A65CED736}
		{69BB2F63-C5B9-4438-8BF3-6AE73D74C728} = {72FBECDF-A825-4C0B-A736-666798A9462A}
		{7A50A9AF-4EE4-4589-A75C-B2AC5BAB0466} = {F614A109-1198-4599-8A9D-DD1E995ECE39}
		{D7847F94-A2DA-4AFF-B033-7ABD939C00D5} = {52F44804-754D-447E-864C-158A65CED736}
		{B26F5498-C273-4A95-A37E-16BF800B696E} = {8716B4F7-06C9-4EAF-A518-DB64A2012307}
		{41317032-7E5B-422B-95A5-F1745B21AD82} = {B26F5498-C273-4A95-A37E-16BF800B696E}
		{D7DEB7D2-3EF8-489E-8672-91E09E65329E} = {C01D4356-F57A-4BC9-88F7-96CF895293DB}
		{6015DCAD-609B-4358-9B39-C5EA09A92F56} = {D7DEB7D2-3EF8-489E-8672-91E09E65329E}
		{5BA08E3F-11D1-4068-AD85-C04AF35B9559} = {D7DEB7D2-3EF8-489E-8672-91E09E65329E}
		{19F931F7-06DD-4233-98C5-6E255ECD82CA} = {52F44804-754D-447E-864C-158A65CED736}
		{454C2DA7-1626-444A-865C-6685DF1F5D47} = {3B2B98E2-2013-49BF-8345-3E63B54CCACD}
		{3F7CF5E9-3B25-4B51-BC13-AEC2809041E1} = {454C2DA7-1626-444A-865C-6685DF1F5D47}
		{9CC71C7D-664E-4001-A3EB-FB313FDC0428} = {52F44804-754D-447E-864C-158A65CED736}
		{24DBEAC4-D5E2-44AC-AE89-F9DF934D6653} = {B46DF814-51C6-497D-9F58-21D361E2BE6D}
		{3E6F981D-84E5-4C16-A874-3E96EB076A6C} = {24DBEAC4-D5E2-44AC-AE89-F9DF934D6653}
		{CF00B7CF-F75E-4C20-B056-5A6AE16AC8DB} = {00B3540B-9DB9-4A08-8245-EE3DA9A170A4}
		{D340B49C-909A-4D71-86D4-F926795B1B8B} = {52F44804-754D-447E-864C-158A65CED736}
		{29A4069D-69A8-484C-ADBB-1D1BCBCB075B} = {B26F5498-C273-4A95-A37E-16BF800B696E}
		{26DDBD53-485D-443E-AC98-C4BAC782C2B0} = {D7DEB7D2-3EF8-489E-8672-91E09E65329E}
		{FD65865A-2251-4FAD-9BF5-EC2CC62C9219} = {FBCF8378-861A-46F3-A791-7019CE38C6F4}
		{7B07569E-0F73-49F4-AFB1-CFF693D4A525} = {FD65865A-2251-4FAD-9BF5-EC2CC62C9219}
		{12E6B460-F60E-4A4C-BF8C-0408BB727A4B} = {D7DEB7D2-3EF8-489E-8672-91E09E65329E}
		{9390E83C-950D-4E59-9615-3558127797F2} = {52F44804-754D-447E-864C-158A65CED736}
		{BA8E88E6-D070-4FEF-A45F-5D7BDC2655B6} = {52F44804-754D-447E-864C-158A65CED736}
		{BA8E2767-17EA-443A-BFC9-845C32C1E2AE} = {52F44804-754D-447E-864C-158A65CED736}
		{78580AE4-95D0-482A-8967-BDC1146C537C} = {52F44804-754D-447E-864C-158A65CED736}
		{DDAEB793-496A-4FA4-94BA-841979E32ABB} = {FBCF8378-861A-46F3-A791-7019CE38C6F4}
		{89F193E3-6A06-4CE2-AA44-38F262D67C26} = {DDAEB793-496A-4FA4-94BA-841979E32ABB}
		{87346C83-9434-4A4C-9D3D-450E2A50D237} = {A30E7DD0-230B-4D24-BF38-3786DD26E5DB}
		{A9D014C3-F0F2-42E7-9A1E-808221CF76BD} = {5C82692D-5862-4E7A-B2D3-B81B3130CAEF}
		{C1D42B9E-6996-4B35-8602-A69307D1C4D9} = {A472C81B-5E85-4201-B5B0-AF7031A43E2C}
		{E91886A5-93F4-4D4E-8EDC-9D1CC2A35887} = {C1D42B9E-6996-4B35-8602-A69307D1C4D9}
		{AA6A1B4D-4F97-43BE-9881-12BDCD99EA34} = {8716B4F7-06C9-4EAF-A518-DB64A2012307}
		{805247D8-C19A-41BA-BC7C-83EC3AD38F97} = {AA6A1B4D-4F97-43BE-9881-12BDCD99EA34}
		{800D8990-F755-4349-B754-219C2965CB25} = {B4409AF8-81A3-4CBE-85EB-1563BF2C7850}
		{C545AAB0-2ADD-4A50-8E8D-03DD472E374E} = {800D8990-F755-4349-B754-219C2965CB25}
		{D47902AD-13FE-4DB4-A118-398087637D7E} = {9CB23094-252D-488E-BB44-75D50C4777D6}
		{9734777B-4216-4D9A-85A6-DE5AA2B34FFC} = {CA655836-08A2-4706-8353-FC841D96497A}
		{EEA675EE-C19A-4608-A4B0-DA73406DCD66} = {CA655836-08A2-4706-8353-FC841D96497A}
		{7090AF3D-8973-4456-A4B1-1C0282F60538} = {9734777B-4216-4D9A-85A6-DE5AA2B34FFC}
		{5A05DA7D-6061-4F0B-9A90-62D4AAF1130E} = {2ED7D33C-8856-45CF-A8D4-44658691598B}
		{F359628D-352E-43E4-B87E-8B8202F1E0B8} = {5A05DA7D-6061-4F0B-9A90-62D4AAF1130E}
		{1AC49E7B-4ED8-4C58-B3AF-B3EE6C44A320} = {B6C5D3D2-699F-40CF-B450-97235C0B6215}
		{FDD29A45-7C8F-4B64-8835-29096DEA5EFF} = {52F44804-754D-447E-864C-158A65CED736}
		{159A7E2B-B7F8-49D8-8459-987D1CCDA6A3} = {5A05DA7D-6061-4F0B-9A90-62D4AAF1130E}
		{9020EEE5-7F2C-4829-8ECA-C0DF1B39933A} = {EEA675EE-C19A-4608-A4B0-DA73406DCD66}
		{E531A7D9-E680-47E3-BCD9-EC5839E1891A} = {9734777B-4216-4D9A-85A6-DE5AA2B34FFC}
		{591B3FB2-915F-4974-81F3-6724CE5A2801} = {9734777B-4216-4D9A-85A6-DE5AA2B34FFC}
		{65B82D70-033F-4F2F-9B5C-595B0DB2382F} = {9734777B-4216-4D9A-85A6-DE5AA2B34FFC}
		{72623A10-23C9-4B4D-9F71-F2C7FE2BC13C} = {EEA675EE-C19A-4608-A4B0-DA73406DCD66}
		{D0304DF9-D5CD-413F-9AB3-6B71C9EC9131} = {EEA675EE-C19A-4608-A4B0-DA73406DCD66}
		{9973D0E5-FBE4-45FA-BC20-538D4C83A72B} = {EEA675EE-C19A-4608-A4B0-DA73406DCD66}
		{EF2417A3-A63F-4FF8-80B1-D75ED863C5D4} = {C01D4356-F57A-4BC9-88F7-96CF895293DB}
		{FCCCDF73-E280-41AD-862C-13CBF62A85F2} = {EF2417A3-A63F-4FF8-80B1-D75ED863C5D4}
		{9541D8F5-8185-45FF-B211-348A8694EBC9} = {ACB7E6A3-D40A-4BEC-BB32-C8F84AA99E10}
		{69C8CCDD-A780-4B1B-8BF9-DBBFFAB52583} = {ACB7E6A3-D40A-4BEC-BB32-C8F84AA99E10}
		{5FC76133-A6DF-4242-A807-90EC8C009C8A} = {ACB7E6A3-D40A-4BEC-BB32-C8F84AA99E10}
		{89FF6CFC-7EE4-4B95-A35A-E02EAFA038E1} = {ACB7E6A3-D40A-4BEC-BB32-C8F84AA99E10}
		{B14B5260-946C-483A-9355-4802AE28084E} = {ACB7E6A3-D40A-4BEC-BB32-C8F84AA99E10}
	EndGlobalSection
	GlobalSection(ExtensibilityGlobals) = postSolution
		SolutionGuid = {72CB0D9D-D2DB-49E4-B173-F56510CEAB84}
	EndGlobalSection
EndGlobal
